
Microsoft Visual Studio Solution File, Format Version 12.00
# Visual Studio Version 16
VisualStudioVersion = 16.0.29411.108
MinimumVisualStudioVersion = 10.0.40219.1
Project("{FAE04EC0-301F-11D3-BF4B-00C04F79EFBC}") = "Calculator", "Calculator\Calculator.csproj", "{A0A430E8-BF80-4E2D-9A7A-5434A1944885}"
EndProject
Global
	GlobalSection(SolutionConfigurationPlatforms) = preSolution
		Debug|Any CPU = Debug|Any CPU
		Release|Any CPU = Release|Any CPU
	EndGlobalSection
	GlobalSection(ProjectConfigurationPlatforms) = postSolution
		{A0A430E8-BF80-4E2D-9A7A-5434A1944885}.Debug|Any CPU.ActiveCfg = Debug|Any CPU
		{A0A430E8-BF80-4E2D-9A7A-5434A1944885}.Debug|Any CPU.Build.0 = Debug|Any CPU
		{A0A430E8-BF80-4E2D-9A7A-5434A1944885}.Release|Any CPU.ActiveCfg = Release|Any CPU
		{A0A430E8-BF80-4E2D-9A7A-5434A1944885}.Release|Any CPU.Build.0 = Release|Any CPU
	EndGlobalSection
	GlobalSection(SolutionProperties) = preSolution
		HideSolutionNode = FALSE
	EndGlobalSection
	GlobalSection(ExtensibilityGlobals) = postSolution
		SolutionGuid = {F4643C9C-1A51-48B6-B3F4-3A16AEA6561F}
	EndGlobalSection
EndGlobal
